
Microsoft Visual Studio Solution File, Format Version 12.00
# Visual Studio Version 16
VisualStudioVersion = 16.0.28803.452
MinimumVisualStudioVersion = 10.0.40219.1
Project("{FAE04EC0-301F-11D3-BF4B-00C04F79EFBC}") = "StaticEx", "ConsoleApp\StaticEx.csproj", "{A711CC4D-3FCB-4696-9517-454FAF0547F0}"
EndProject
Project("{FAE04EC0-301F-11D3-BF4B-00C04F79EFBC}") = "OOP2", "OOP2\OOP2.csproj", "{35327EE7-8A61-47BA-8B7A-83BF012CDD9C}"
EndProject
Project("{FAE04EC0-301F-11D3-BF4B-00C04F79EFBC}") = "OOP2.Human.Worker.Students", "OOP2.Human.Worker.Students\OOP2.Human.Worker.Students.csproj", "{79AE2F65-9214-47A9-87D1-B1385BD6C59F}"
EndProject
Project("{FAE04EC0-301F-11D3-BF4B-00C04F79EFBC}") = "OOP.Interfaces", "OOP.Iterfaces.AbstractClasses\OOP.Interfaces.csproj", "{F60DD506-9C2A-4B23-AADC-3D9031CB2F95}"
EndProject
Project("{FAE04EC0-301F-11D3-BF4B-00C04F79EFBC}") = "OOP.AbscractClasses", "OOP.AbscractClasses\OOP.AbscractClasses.csproj", "{469F1F1C-763A-4292-AF2A-E4BA478D05DA}"
EndProject
Project("{FAE04EC0-301F-11D3-BF4B-00C04F79EFBC}") = "OOP.Employees.Ex", "OOP.Shapes.Ex\OOP.Employees.Ex.csproj", "{6EE8651C-BA05-4F22-8471-0DABBA32668F}"
EndProject
Project("{FAE04EC0-301F-11D3-BF4B-00C04F79EFBC}") = "OOP.Shapes.Ex05.Home", "OOP.ShapesV2\OOP.Shapes.Ex05.Home.csproj", "{657FA1D0-9136-4AC0-8898-CC6D6F89D3B0}"
EndProject
Global
	GlobalSection(SolutionConfigurationPlatforms) = preSolution
		Debug|Any CPU = Debug|Any CPU
		Release|Any CPU = Release|Any CPU
	EndGlobalSection
	GlobalSection(ProjectConfigurationPlatforms) = postSolution
		{A711CC4D-3FCB-4696-9517-454FAF0547F0}.Debug|Any CPU.ActiveCfg = Debug|Any CPU
		{A711CC4D-3FCB-4696-9517-454FAF0547F0}.Debug|Any CPU.Build.0 = Debug|Any CPU
		{A711CC4D-3FCB-4696-9517-454FAF0547F0}.Release|Any CPU.ActiveCfg = Release|Any CPU
		{A711CC4D-3FCB-4696-9517-454FAF0547F0}.Release|Any CPU.Build.0 = Release|Any CPU
		{35327EE7-8A61-47BA-8B7A-83BF012CDD9C}.Debug|Any CPU.ActiveCfg = Debug|Any CPU
		{35327EE7-8A61-47BA-8B7A-83BF012CDD9C}.Debug|Any CPU.Build.0 = Debug|Any CPU
		{35327EE7-8A61-47BA-8B7A-83BF012CDD9C}.Release|Any CPU.ActiveCfg = Release|Any CPU
		{35327EE7-8A61-47BA-8B7A-83BF012CDD9C}.Release|Any CPU.Build.0 = Release|Any CPU
		{79AE2F65-9214-47A9-87D1-B1385BD6C59F}.Debug|Any CPU.ActiveCfg = Debug|Any CPU
		{79AE2F65-9214-47A9-87D1-B1385BD6C59F}.Debug|Any CPU.Build.0 = Debug|Any CPU
		{79AE2F65-9214-47A9-87D1-B1385BD6C59F}.Release|Any CPU.ActiveCfg = Release|Any CPU
		{79AE2F65-9214-47A9-87D1-B1385BD6C59F}.Release|Any CPU.Build.0 = Release|Any CPU
		{F60DD506-9C2A-4B23-AADC-3D9031CB2F95}.Debug|Any CPU.ActiveCfg = Debug|Any CPU
		{F60DD506-9C2A-4B23-AADC-3D9031CB2F95}.Debug|Any CPU.Build.0 = Debug|Any CPU
		{F60DD506-9C2A-4B23-AADC-3D9031CB2F95}.Release|Any CPU.ActiveCfg = Release|Any CPU
		{F60DD506-9C2A-4B23-AADC-3D9031CB2F95}.Release|Any CPU.Build.0 = Release|Any CPU
		{469F1F1C-763A-4292-AF2A-E4BA478D05DA}.Debug|Any CPU.ActiveCfg = Debug|Any CPU
		{469F1F1C-763A-4292-AF2A-E4BA478D05DA}.Debug|Any CPU.Build.0 = Debug|Any CPU
		{469F1F1C-763A-4292-AF2A-E4BA478D05DA}.Release|Any CPU.ActiveCfg = Release|Any CPU
		{469F1F1C-763A-4292-AF2A-E4BA478D05DA}.Release|Any CPU.Build.0 = Release|Any CPU
		{6EE8651C-BA05-4F22-8471-0DABBA32668F}.Debug|Any CPU.ActiveCfg = Debug|Any CPU
		{6EE8651C-BA05-4F22-8471-0DABBA32668F}.Debug|Any CPU.Build.0 = Debug|Any CPU
		{6EE8651C-BA05-4F22-8471-0DABBA32668F}.Release|Any CPU.ActiveCfg = Release|Any CPU
		{6EE8651C-BA05-4F22-8471-0DABBA32668F}.Release|Any CPU.Build.0 = Release|Any CPU
		{657FA1D0-9136-4AC0-8898-CC6D6F89D3B0}.Debug|Any CPU.ActiveCfg = Debug|Any CPU
		{657FA1D0-9136-4AC0-8898-CC6D6F89D3B0}.Debug|Any CPU.Build.0 = Debug|Any CPU
		{657FA1D0-9136-4AC0-8898-CC6D6F89D3B0}.Release|Any CPU.ActiveCfg = Release|Any CPU
		{657FA1D0-9136-4AC0-8898-CC6D6F89D3B0}.Release|Any CPU.Build.0 = Release|Any CPU
	EndGlobalSection
	GlobalSection(SolutionProperties) = preSolution
		HideSolutionNode = FALSE
	EndGlobalSection
	GlobalSection(ExtensibilityGlobals) = postSolution
		SolutionGuid = {3FF6330D-C52F-45C9-996F-DA53F71A7276}
	EndGlobalSection
EndGlobal
